
Microsoft Visual Studio Solution File, Format Version 12.00
# Visual Studio 15
VisualStudioVersion = 15.0.27004.2009
MinimumVisualStudioVersion = 10.0.40219.1
Project("{FAE04EC0-301F-11D3-BF4B-00C04F79EFBC}") = "LINQ", "LINQ\LINQ.csproj", "{A5D83D52-E920-449F-83B0-43B58A62ED40}"
EndProject
Global
	GlobalSection(SolutionConfigurationPlatforms) = preSolution
		Debug|Any CPU = Debug|Any CPU
		Release|Any CPU = Release|Any CPU
	EndGlobalSection
	GlobalSection(ProjectConfigurationPlatforms) = postSolution
		{A5D83D52-E920-449F-83B0-43B58A62ED40}.Debug|Any CPU.ActiveCfg = Debug|Any CPU
		{A5D83D52-E920-449F-83B0-43B58A62ED40}.Debug|Any CPU.Build.0 = Debug|Any CPU
		{A5D83D52-E920-449F-83B0-43B58A62ED40}.Release|Any CPU.ActiveCfg = Release|Any CPU
		{A5D83D52-E920-449F-83B0-43B58A62ED40}.Release|Any CPU.Build.0 = Release|Any CPU
	EndGlobalSection
	GlobalSection(SolutionProperties) = preSolution
		HideSolutionNode = FALSE
	EndGlobalSection
	GlobalSection(ExtensibilityGlobals) = postSolution
		SolutionGuid = {943F708D-3013-4B23-89FB-E8F25CE88028}
	EndGlobalSection
EndGlobal
